
Microsoft Visual Studio Solution File, Format Version 11.00
# Visual Studio 2010
Project("{FAE04EC0-301F-11D3-BF4B-00C04F79EFBC}") = "Assembly-CSharp", "Assembly-CSharp.csproj", "{a68eeeef-f7fb-0363-0a3e-037aae57a2a7}"
EndProject
Project("{FAE04EC0-301F-11D3-BF4B-00C04F79EFBC}") = "Assembly-CSharp-Editor", "Assembly-CSharp-Editor.csproj", "{4e115cb0-8933-09d0-cab8-c891e7fdefbc}"
EndProject
Global
	GlobalSection(SolutionConfigurationPlatforms) = preSolution
		Debug|Any CPU = Debug|Any CPU
		Release|Any CPU = Release|Any CPU
	EndGlobalSection
	GlobalSection(ProjectConfigurationPlatforms) = postSolution
		{a68eeeef-f7fb-0363-0a3e-037aae57a2a7}.Debug|Any CPU.ActiveCfg = Debug|Any CPU
		{a68eeeef-f7fb-0363-0a3e-037aae57a2a7}.Debug|Any CPU.Build.0 = Debug|Any CPU
		{a68eeeef-f7fb-0363-0a3e-037aae57a2a7}.Release|Any CPU.ActiveCfg = Release|Any CPU
		{a68eeeef-f7fb-0363-0a3e-037aae57a2a7}.Release|Any CPU.Build.0 = Release|Any CPU
		{4e115cb0-8933-09d0-cab8-c891e7fdefbc}.Debug|Any CPU.ActiveCfg = Debug|Any CPU
		{4e115cb0-8933-09d0-cab8-c891e7fdefbc}.Debug|Any CPU.Build.0 = Debug|Any CPU
		{4e115cb0-8933-09d0-cab8-c891e7fdefbc}.Release|Any CPU.ActiveCfg = Release|Any CPU
		{4e115cb0-8933-09d0-cab8-c891e7fdefbc}.Release|Any CPU.Build.0 = Release|Any CPU
	EndGlobalSection
	GlobalSection(SolutionProperties) = preSolution
		HideSolutionNode = FALSE
	EndGlobalSection
EndGlobal
